
Microsoft Visual Studio Solution File, Format Version 12.00
# Visual Studio 2013
VisualStudioVersion = 12.0.40629.0
MinimumVisualStudioVersion = 10.0.40219.1
Project("{FAE04EC0-301F-11D3-BF4B-00C04F79EFBC}") = "YandexTranslateCSharp", "YandexTranslateCSharp\YandexTranslateCSharp.csproj", "{2DBA7E41-BC8C-45A9-A8C6-81AA065C59FD}"
EndProject
Project("{FAE04EC0-301F-11D3-BF4B-00C04F79EFBC}") = "YandexTranslateCSharpTest", "YandexTranslateCSharpTest\YandexTranslateCSharpTest.csproj", "{730B282A-AD0E-4F47-8114-F3293D53C24C}"
EndProject
Global
	GlobalSection(SolutionConfigurationPlatforms) = preSolution
		Debug|Any CPU = Debug|Any CPU
		Release|Any CPU = Release|Any CPU
	EndGlobalSection
	GlobalSection(ProjectConfigurationPlatforms) = postSolution
		{2DBA7E41-BC8C-45A9-A8C6-81AA065C59FD}.Debug|Any CPU.ActiveCfg = Debug|Any CPU
		{2DBA7E41-BC8C-45A9-A8C6-81AA065C59FD}.Debug|Any CPU.Build.0 = Debug|Any CPU
		{2DBA7E41-BC8C-45A9-A8C6-81AA065C59FD}.Release|Any CPU.ActiveCfg = Release|Any CPU
		{2DBA7E41-BC8C-45A9-A8C6-81AA065C59FD}.Release|Any CPU.Build.0 = Release|Any CPU
		{730B282A-AD0E-4F47-8114-F3293D53C24C}.Debug|Any CPU.ActiveCfg = Debug|Any CPU
		{730B282A-AD0E-4F47-8114-F3293D53C24C}.Debug|Any CPU.Build.0 = Debug|Any CPU
		{730B282A-AD0E-4F47-8114-F3293D53C24C}.Release|Any CPU.ActiveCfg = Release|Any CPU
		{730B282A-AD0E-4F47-8114-F3293D53C24C}.Release|Any CPU.Build.0 = Release|Any CPU
	EndGlobalSection
	GlobalSection(SolutionProperties) = preSolution
		HideSolutionNode = FALSE
	EndGlobalSection
EndGlobal
